
Microsoft Visual Studio Solution File, Format Version 12.00
# Visual Studio Version 17
VisualStudioVersion = 17.12.35521.163 d17.12
MinimumVisualStudioVersion = 10.0.40219.1
Project("{FAE04EC0-301F-11D3-BF4B-00C04F79EFBC}") = "sistemapersonaltrainer.Server", "sistemapersonaltrainer.Server\sistemapersonaltrainer.Server.csproj", "{EFB3C234-B9C6-4295-BAC0-C3EC2ED6DE39}"
EndProject
Project("{54A90642-561A-4BB1-A94E-469ADEE60C69}") = "sistemapersonaltrainer.client", "sistemapersonaltrainer.client\sistemapersonaltrainer.client.esproj", "{8073F1E3-2AB9-458E-8EFE-70CE72360B8D}"
EndProject
Global
	GlobalSection(SolutionConfigurationPlatforms) = preSolution
		Debug|Any CPU = Debug|Any CPU
		Release|Any CPU = Release|Any CPU
	EndGlobalSection
	GlobalSection(ProjectConfigurationPlatforms) = postSolution
		{EFB3C234-B9C6-4295-BAC0-C3EC2ED6DE39}.Debug|Any CPU.ActiveCfg = Debug|Any CPU
		{EFB3C234-B9C6-4295-BAC0-C3EC2ED6DE39}.Debug|Any CPU.Build.0 = Debug|Any CPU
		{EFB3C234-B9C6-4295-BAC0-C3EC2ED6DE39}.Release|Any CPU.ActiveCfg = Release|Any CPU
		{EFB3C234-B9C6-4295-BAC0-C3EC2ED6DE39}.Release|Any CPU.Build.0 = Release|Any CPU
		{8073F1E3-2AB9-458E-8EFE-70CE72360B8D}.Debug|Any CPU.ActiveCfg = Debug|Any CPU
		{8073F1E3-2AB9-458E-8EFE-70CE72360B8D}.Debug|Any CPU.Build.0 = Debug|Any CPU
		{8073F1E3-2AB9-458E-8EFE-70CE72360B8D}.Debug|Any CPU.Deploy.0 = Debug|Any CPU
		{8073F1E3-2AB9-458E-8EFE-70CE72360B8D}.Release|Any CPU.ActiveCfg = Release|Any CPU
		{8073F1E3-2AB9-458E-8EFE-70CE72360B8D}.Release|Any CPU.Build.0 = Release|Any CPU
		{8073F1E3-2AB9-458E-8EFE-70CE72360B8D}.Release|Any CPU.Deploy.0 = Release|Any CPU
	EndGlobalSection
	GlobalSection(SolutionProperties) = preSolution
		HideSolutionNode = FALSE
	EndGlobalSection
EndGlobal
